
Microsoft Visual Studio Solution File, Format Version 12.00
# Visual Studio Version 16
VisualStudioVersion = 16.0.31019.35
MinimumVisualStudioVersion = 10.0.40219.1
Project("{9A19103F-16F7-4668-BE54-9A1E7A4F7556}") = "Api", "Api.csproj", "{7E7DAA69-C552-4BEF-BE1D-440E9250F5FD}"
EndProject
Global
	GlobalSection(SolutionConfigurationPlatforms) = preSolution
		Debug|Any CPU = Debug|Any CPU
		Release|Any CPU = Release|Any CPU
	EndGlobalSection
	GlobalSection(ProjectConfigurationPlatforms) = postSolution
		{7E7DAA69-C552-4BEF-BE1D-440E9250F5FD}.Debug|Any CPU.ActiveCfg = Debug|Any CPU
		{7E7DAA69-C552-4BEF-BE1D-440E9250F5FD}.Debug|Any CPU.Build.0 = Debug|Any CPU
		{7E7DAA69-C552-4BEF-BE1D-440E9250F5FD}.Release|Any CPU.ActiveCfg = Release|Any CPU
		{7E7DAA69-C552-4BEF-BE1D-440E9250F5FD}.Release|Any CPU.Build.0 = Release|Any CPU
	EndGlobalSection
	GlobalSection(SolutionProperties) = preSolution
		HideSolutionNode = FALSE
	EndGlobalSection
	GlobalSection(ExtensibilityGlobals) = postSolution
		SolutionGuid = {4EBA1582-F349-4448-8CFA-90B26F45FA3F}
	EndGlobalSection
EndGlobal
